// !$*UTF8*$!
{
	archiveVersion = 1;
	classes = {
	};
	objectVersion = 46;
	objects = {

/* Begin PBXBuildFile section */
		445425741889276A00990F9D /* Foundation.framework in Frameworks */ = {isa = PBXBuildFile; fileRef = 445425731889276A00990F9D /* Foundation.framework */; };
		445425771889276A00990F9D /* main.m in Sources */ = {isa = PBXBuildFile; fileRef = 445425761889276A00990F9D /* main.m */; };
		44710A4018892796008157A4 /* AVFoundation.framework in Frameworks */ = {isa = PBXBuildFile; fileRef = 44710A3E18892796008157A4 /* AVFoundation.framework */; };
		44710A4618892881008157A4 /* AppDelegate.m in Sources */ = {isa = PBXBuildFile; fileRef = 44710A4518892881008157A4 /* AppDelegate.m */; };
/* End PBXBuildFile section */

/* Begin PBXFileReference section */
		445425701889276A00990F9D /* rec2 */ = {isa = PBXFileReference; explicitFileType = "compiled.mach-o.executable"; includeInIndex = 0; path = rec2; sourceTree = BUILT_PRODUCTS_DIR; };
		445425731889276A00990F9D /* Foundation.framework */ = {isa = PBXFileReference; lastKnownFileType = wrapper.framework; name = Foundation.framework; path = System/Library/Frameworks/Foundation.framework; sourceTree = SDKROOT; };
		445425761889276A00990F9D /* main.m */ = {isa = PBXFileReference; lastKnownFileType = sourcecode.c.objc; path = main.m; sourceTree = SOURCE_ROOT; };
		445425791889276A00990F9D /* rec2-Prefix.pch */ = {isa = PBXFileReference; lastKnownFileType = sourcecode.c.h; path = "rec2-Prefix.pch"; sourceTree = SOURCE_ROOT; };
		44710A3E18892796008157A4 /* AVFoundation.framework */ = {isa = PBXFileReference; lastKnownFileType = wrapper.framework; name = AVFoundation.framework; path = System/Library/Frameworks/AVFoundation.framework; sourceTree = SDKROOT; };
		44710A4418892881008157A4 /* AppDelegate.h */ = {isa = PBXFileReference; fileEncoding = 4; lastKnownFileType = sourcecode.c.h; path = AppDelegate.h; sourceTree = SOURCE_ROOT; };
		44710A4518892881008157A4 /* AppDelegate.m */ = {isa = PBXFileReference; fileEncoding = 4; lastKnownFileType = sourcecode.c.objc; path = AppDelegate.m; sourceTree = SOURCE_ROOT; };
/* End PBXFileReference section */

/* Begin PBXFrameworksBuildPhase section */
		4454256D1889276A00990F9D /* Frameworks */ = {
			isa = PBXFrameworksBuildPhase;
			buildActionMask = 2147483647;
			files = (
				445425741889276A00990F9D /* Foundation.framework in Frameworks */,
				44710A4018892796008157A4 /* AVFoundation.framework in Frameworks */,
			);
			runOnlyForDeploymentPostprocessing = 0;
		};
/* End PBXFrameworksBuildPhase section */

/* Begin PBXGroup section */
		445425671889276A00990F9D = {
			isa = PBXGroup;
			children = (
				445425751889276A00990F9D /* rec2 */,
				445425721889276A00990F9D /* Frameworks */,
				445425711889276A00990F9D /* Products */,
			);
			sourceTree = "<group>";
		};
		445425711889276A00990F9D /* Products */ = {
			isa = PBXGroup;
			children = (
				445425701889276A00990F9D /* rec2 */,
			);
			name = Products;
			sourceTree = "<group>";
		};
		445425721889276A00990F9D /* Frameworks */ = {
			isa = PBXGroup;
			children = (
				445425731889276A00990F9D /* Foundation.framework */,
				44710A3E18892796008157A4 /* AVFoundation.framework */,
			);
			name = Frameworks;
			sourceTree = "<group>";
		};
		445425751889276A00990F9D /* rec2 */ = {
			isa = PBXGroup;
			children = (
				44710A4418892881008157A4 /* AppDelegate.h */,
				44710A4518892881008157A4 /* AppDelegate.m */,
				445425761889276A00990F9D /* main.m */,
				445425781889276A00990F9D /* Supporting Files */,
			);
			path = rec2;
			sourceTree = "<group>";
		};
		445425781889276A00990F9D /* Supporting Files */ = {
			isa = PBXGroup;
			children = (
				445425791889276A00990F9D /* rec2-Prefix.pch */,
			);
			name = "Supporting Files";
			sourceTree = "<group>";
		};
/* End PBXGroup section */

/* Begin PBXNativeTarget section */
		4454256F1889276A00990F9D /* rec2 */ = {
			isa = PBXNativeTarget;
			buildConfigurationList = 4454257E1889276A00990F9D /* Build configuration list for PBXNativeTarget "rec2" */;
			buildPhases = (
				4454256C1889276A00990F9D /* Sources */,
				4454256D1889276A00990F9D /* Frameworks */,
			);
			buildRules = (
			);
			dependencies = (
			);
			name = rec2;
			productName = rec2;
			productReference = 445425701889276A00990F9D /* rec2 */;
			productType = "com.apple.product-type.tool";
		};
/* End PBXNativeTarget section */

/* Begin PBXProject section */
		445425681889276A00990F9D /* Project object */ = {
			isa = PBXProject;
			attributes = {
				LastUpgradeCheck = 0460;
			};
			buildConfigurationList = 4454256B1889276A00990F9D /* Build configuration list for PBXProject "rec2" */;
			compatibilityVersion = "Xcode 3.2";
			developmentRegion = English;
			hasScannedForEncodings = 0;
			knownRegions = (
				en,
			);
			mainGroup = 445425671889276A00990F9D;
			productRefGroup = 445425711889276A00990F9D /* Products */;
			projectDirPath = "";
			projectRoot = "";
			targets = (
				4454256F1889276A00990F9D /* rec2 */,
			);
		};
/* End PBXProject section */

/* Begin PBXSourcesBuildPhase section */
		4454256C1889276A00990F9D /* Sources */ = {
			isa = PBXSourcesBuildPhase;
			buildActionMask = 2147483647;
			files = (
				445425771889276A00990F9D /* main.m in Sources */,
				44710A4618892881008157A4 /* AppDelegate.m in Sources */,
			);
			runOnlyForDeploymentPostprocessing = 0;
		};
/* End PBXSourcesBuildPhase section */

/* Begin XCBuildConfiguration section */
		4454257C1889276A00990F9D /* Debug */ = {
			isa = XCBuildConfiguration;
			buildSettings = {
				ARCHS = "$(ARCHS_STANDARD_32_BIT)";
				CLANG_ENABLE_OBJC_ARC = YES;
				COPY_PHASE_STRIP = NO;
				EXCLUDED_RECURSIVE_SEARCH_PATH_SUBDIRECTORIES = "*.nib *.lproj *.gch (*) .DS_Store CVS .svn .git .hg *.xcodeproj *.xcode *.pbproj *.pbxproj";
				FRAMEWORK_SEARCH_PATHS = (
					"$(iOSOpenDevPath)/frameworks/**",
					"$(SDKROOT)/System/Library/PrivateFrameworks",
				);
				GCC_C_LANGUAGE_STANDARD = gnu99;
				GCC_DYNAMIC_NO_PIC = NO;
				GCC_OPTIMIZATION_LEVEL = 0;
				GCC_PREPROCESSOR_DEFINITIONS = (
					"DEBUG=1",
					"$(inherited)",
				);
				GCC_SYMBOLS_PRIVATE_EXTERN = NO;
				GCC_VERSION = com.apple.compilers.llvm.clang.1_0;
				GCC_WARN_ABOUT_RETURN_TYPE = YES;
				GCC_WARN_UNUSED_VARIABLE = YES;
				HEADER_SEARCH_PATHS = "$(iOSOpenDevPath)/include/**";
				IPHONEOS_DEPLOYMENT_TARGET = 4.0;
				LIBRARY_SEARCH_PATHS = "$(iOSOpenDevPath)/lib/**";
				SDKROOT = iphoneos;
				TARGETED_DEVICE_FAMILY = "1,2";
				VALIDATE_PRODUCT = NO;
				iOSOpenDevPath = /opt/iOSOpenDev;
			};
			name = Debug;
		};
		4454257D1889276A00990F9D /* Release */ = {
			isa = XCBuildConfiguration;
			buildSettings = {
				ARCHS = (
					armv7,
					armv6,
				);
				CLANG_ENABLE_OBJC_ARC = YES;
				CODE_SIGN_ENTITLEMENTS = entitlements.plist;
				COPY_PHASE_STRIP = YES;
				DEPLOYMENT_POSTPROCESSING = YES;
				EXCLUDED_RECURSIVE_SEARCH_PATH_SUBDIRECTORIES = "*.nib *.lproj *.gch (*) .DS_Store CVS .svn .git .hg *.xcodeproj *.xcode *.pbproj *.pbxproj";
				FRAMEWORK_SEARCH_PATHS = (
					"$(iOSOpenDevPath)/frameworks/**",
					"$(SDKROOT)/System/Library/PrivateFrameworks",
				);
				GCC_C_LANGUAGE_STANDARD = gnu99;
				GCC_VERSION = com.apple.compilers.llvm.clang.1_0;
				GCC_WARN_ABOUT_RETURN_TYPE = YES;
				GCC_WARN_UNUSED_VARIABLE = YES;
				HEADER_SEARCH_PATHS = "$(iOSOpenDevPath)/include/**";
				IPHONEOS_DEPLOYMENT_TARGET = 4.0;
				LIBRARY_SEARCH_PATHS = "$(iOSOpenDevPath)/lib/**";
				SDKROOT = iphoneos;
				STRIPFLAGS = "-S -x";
				TARGETED_DEVICE_FAMILY = "1,2";
				VALIDATE_PRODUCT = YES;
				iOSOpenDevPath = /opt/iOSOpenDev;
			};
			name = Release;
		};
		4454257F1889276A00990F9D /* Debug */ = {
			isa = XCBuildConfiguration;
			buildSettings = {
				CODE_SIGN_IDENTITY = "";
				GCC_PRECOMPILE_PREFIX_HEADER = YES;
				GCC_PREFIX_HEADER = "rec2-Prefix.pch";
				INSTALL_PATH = /usr/bin;
				PRODUCT_NAME = "$(TARGET_NAME)";
				iOSOpenDevBuildPackageOnAnyBuild = NO;
				iOSOpenDevCopyOnBuild = NO;
				iOSOpenDevDevice = "";
				iOSOpenDevInstallOnAnyBuild = NO;
				iOSOpenDevInstallOnProfiling = YES;
				iOSOpenDevRespringOnInstall = YES;
				iOSOpenDevUsePackageVersionPList = YES;
			};
			name = Debug;
		};
		445425801889276A00990F9D /* Release */ = {
			isa = XCBuildConfiguration;
			buildSettings = {
				CODE_SIGN_IDENTITY = "";
				GCC_PRECOMPILE_PREFIX_HEADER = YES;
				GCC_PREFIX_HEADER = "rec2-Prefix.pch";
				INSTALL_PATH = /usr/bin;
				PRODUCT_NAME = "$(TARGET_NAME)";
				iOSOpenDevBuildPackageOnAnyBuild = NO;
				iOSOpenDevCopyOnBuild = NO;
				iOSOpenDevDevice = "";
				iOSOpenDevInstallOnAnyBuild = NO;
				iOSOpenDevInstallOnProfiling = YES;
				iOSOpenDevRespringOnInstall = YES;
				iOSOpenDevUsePackageVersionPList = YES;
			};
			name = Release;
		};
/* End XCBuildConfiguration section */

/* Begin XCConfigurationList section */
		4454256B1889276A00990F9D /* Build configuration list for PBXProject "rec2" */ = {
			isa = XCConfigurationList;
			buildConfigurations = (
				4454257C1889276A00990F9D /* Debug */,
				4454257D1889276A00990F9D /* Release */,
			);
			defaultConfigurationIsVisible = 0;
			defaultConfigurationName = Release;
		};
		4454257E1889276A00990F9D /* Build configuration list for PBXNativeTarget "rec2" */ = {
			isa = XCConfigurationList;
			buildConfigurations = (
				4454257F1889276A00990F9D /* Debug */,
				445425801889276A00990F9D /* Release */,
			);
			defaultConfigurationIsVisible = 0;
			defaultConfigurationName = Release;
		};
/* End XCConfigurationList section */
	};
	rootObject = 445425681889276A00990F9D /* Project object */;
}
